// !$*UTF8*$!
{
	archiveVersion = 1;
	classes = {
	};
	objectVersion = 46;
	objects = {

/* Begin PBXBuildFile section */
		54098B7454865AD32B39DFF0 /* Pods_0624___Tests.framework in Frameworks */ = {isa = PBXBuildFile; fileRef = 8E21DF74AAA175FDE20D4099 /* Pods_0624___Tests.framework */; };
		643812A71D1CE177007D32A9 /* AppDelegate.swift in Sources */ = {isa = PBXBuildFile; fileRef = 643812A61D1CE177007D32A9 /* AppDelegate.swift */; };
		643812A91D1CE177007D32A9 /* SpeakViewController.swift in Sources */ = {isa = PBXBuildFile; fileRef = 643812A81D1CE177007D32A9 /* SpeakViewController.swift */; };
		643812AB1D1CE177007D32A9 /* SearchViewController.swift in Sources */ = {isa = PBXBuildFile; fileRef = 643812AA1D1CE177007D32A9 /* SearchViewController.swift */; };
		643812AE1D1CE177007D32A9 /* Main.storyboard in Resources */ = {isa = PBXBuildFile; fileRef = 643812AC1D1CE177007D32A9 /* Main.storyboard */; };
		643812B01D1CE177007D32A9 /* Assets.xcassets in Resources */ = {isa = PBXBuildFile; fileRef = 643812AF1D1CE177007D32A9 /* Assets.xcassets */; };
		643812B31D1CE177007D32A9 /* LaunchScreen.storyboard in Resources */ = {isa = PBXBuildFile; fileRef = 643812B11D1CE177007D32A9 /* LaunchScreen.storyboard */; };
		643812BE1D1CE177007D32A9 /* _624___Tests.swift in Sources */ = {isa = PBXBuildFile; fileRef = 643812BD1D1CE177007D32A9 /* _624___Tests.swift */; };
		643812C91D1CE177007D32A9 /* _624___UITests.swift in Sources */ = {isa = PBXBuildFile; fileRef = 643812C81D1CE177007D32A9 /* _624___UITests.swift */; };
		643812D71D1CE43B007D32A9 /* LikedViewController.swift in Sources */ = {isa = PBXBuildFile; fileRef = 643812D61D1CE43B007D32A9 /* LikedViewController.swift */; };
		643812D91D1CE475007D32A9 /* PersonalViewController.swift in Sources */ = {isa = PBXBuildFile; fileRef = 643812D81D1CE475007D32A9 /* PersonalViewController.swift */; };
		643B59BD1D2578B600535FEE /* ScrollViewController.swift in Sources */ = {isa = PBXBuildFile; fileRef = 643B59BC1D2578B600535FEE /* ScrollViewController.swift */; };
		643B5A751D295F0200535FEE /* SearchResult.swift in Sources */ = {isa = PBXBuildFile; fileRef = 643B5A741D295F0200535FEE /* SearchResult.swift */; };
		643B5A791D29626C00535FEE /* CustomResultCell.swift in Sources */ = {isa = PBXBuildFile; fileRef = 643B5A781D29626C00535FEE /* CustomResultCell.swift */; };
		643B5A7B1D298C3500535FEE /* CustomRestaurantCell.swift in Sources */ = {isa = PBXBuildFile; fileRef = 643B5A7A1D298C3500535FEE /* CustomRestaurantCell.swift */; };
		643B5A7D1D298D5600535FEE /* A-RestaurantPageController.swift in Sources */ = {isa = PBXBuildFile; fileRef = 643B5A7C1D298D5600535FEE /* A-RestaurantPageController.swift */; };
		643B5A7F1D29981400535FEE /* B-RestaurantPageController.swift in Sources */ = {isa = PBXBuildFile; fileRef = 643B5A7E1D29981400535FEE /* B-RestaurantPageController.swift */; };
		643B5A811D29997000535FEE /* C-RestaurantPageController.swift in Sources */ = {isa = PBXBuildFile; fileRef = 643B5A801D29997000535FEE /* C-RestaurantPageController.swift */; };
		643B5A831D299AB700535FEE /* D-RestaurantPageController.swift in Sources */ = {isa = PBXBuildFile; fileRef = 643B5A821D299AB700535FEE /* D-RestaurantPageController.swift */; };
		643B5A871D299DF100535FEE /* A-1MenuPageController.swift in Sources */ = {isa = PBXBuildFile; fileRef = 643B5A861D299DF100535FEE /* A-1MenuPageController.swift */; };
		643B5A891D29A03200535FEE /* CustomMenuSeriesCell.swift in Sources */ = {isa = PBXBuildFile; fileRef = 643B5A881D29A03200535FEE /* CustomMenuSeriesCell.swift */; };
		643B5A8B1D29A37400535FEE /* B-1MenuPageController.swift in Sources */ = {isa = PBXBuildFile; fileRef = 643B5A8A1D29A37400535FEE /* B-1MenuPageController.swift */; };
		643B5A8D1D29A59400535FEE /* C-1MenuPageController.swift in Sources */ = {isa = PBXBuildFile; fileRef = 643B5A8C1D29A59400535FEE /* C-1MenuPageController.swift */; };
		643B5A8F1D29A77F00535FEE /* D-1MenuPageController.swift in Sources */ = {isa = PBXBuildFile; fileRef = 643B5A8E1D29A77F00535FEE /* D-1MenuPageController.swift */; };
		643B5A911D29AA1200535FEE /* D1MenuPageController.swift in Sources */ = {isa = PBXBuildFile; fileRef = 643B5A901D29AA1200535FEE /* D1MenuPageController.swift */; };
		643B5A931D29AAFF00535FEE /* CustomMenu2Cell.swift in Sources */ = {isa = PBXBuildFile; fileRef = 643B5A921D29AAFF00535FEE /* CustomMenu2Cell.swift */; };
		643B5A951D29AE4200535FEE /* D2MenuPageController.swift in Sources */ = {isa = PBXBuildFile; fileRef = 643B5A941D29AE4200535FEE /* D2MenuPageController.swift */; };
		643B5A971D29AEB800535FEE /* D3MenuPageController.swift in Sources */ = {isa = PBXBuildFile; fileRef = 643B5A961D29AEB800535FEE /* D3MenuPageController.swift */; };
		643B5A991D29AF2100535FEE /* D4MenuPageController.swift in Sources */ = {isa = PBXBuildFile; fileRef = 643B5A981D29AF2100535FEE /* D4MenuPageController.swift */; };
		643B5A9B1D29AF7A00535FEE /* D5MenuPageController.swift in Sources */ = {isa = PBXBuildFile; fileRef = 643B5A9A1D29AF7A00535FEE /* D5MenuPageController.swift */; };
		643B5A9D1D29B02000535FEE /* D6MenuPageController.swift in Sources */ = {isa = PBXBuildFile; fileRef = 643B5A9C1D29B02000535FEE /* D6MenuPageController.swift */; };
		643B5A9F1D29B09100535FEE /* D7MenuPageController.swift in Sources */ = {isa = PBXBuildFile; fileRef = 643B5A9E1D29B09100535FEE /* D7MenuPageController.swift */; };
		643B5AA11D29B10800535FEE /* D8MenuPageController.swift in Sources */ = {isa = PBXBuildFile; fileRef = 643B5AA01D29B10800535FEE /* D8MenuPageController.swift */; };
		643B5AA31D29B17900535FEE /* D9MenuPageController.swift in Sources */ = {isa = PBXBuildFile; fileRef = 643B5AA21D29B17900535FEE /* D9MenuPageController.swift */; };
		643B5AA61D29BCE200535FEE /* C1MenuPageController.swift in Sources */ = {isa = PBXBuildFile; fileRef = 643B5AA51D29BCE200535FEE /* C1MenuPageController.swift */; };
		643B5AA81D29BD1600535FEE /* C2MenuPageController.swift in Sources */ = {isa = PBXBuildFile; fileRef = 643B5AA71D29BD1600535FEE /* C2MenuPageController.swift */; };
		643B5AAA1D29BD1F00535FEE /* C3MenuPageController.swift in Sources */ = {isa = PBXBuildFile; fileRef = 643B5AA91D29BD1F00535FEE /* C3MenuPageController.swift */; };
		643B5AAD1D29C0F800535FEE /* B1MenuPageController.swift in Sources */ = {isa = PBXBuildFile; fileRef = 643B5AAC1D29C0F800535FEE /* B1MenuPageController.swift */; };
		643B5AAF1D29C11900535FEE /* B2MenuPageController.swift in Sources */ = {isa = PBXBuildFile; fileRef = 643B5AAE1D29C11900535FEE /* B2MenuPageController.swift */; };
		643B5AB11D29C12900535FEE /* B3MenuPageController.swift in Sources */ = {isa = PBXBuildFile; fileRef = 643B5AB01D29C12900535FEE /* B3MenuPageController.swift */; };
		643B5AB31D29C24500535FEE /* B4MenuPageController.swift in Sources */ = {isa = PBXBuildFile; fileRef = 643B5AB21D29C24500535FEE /* B4MenuPageController.swift */; };
		643B5AB51D29C24E00535FEE /* B5MenuPageController.swift in Sources */ = {isa = PBXBuildFile; fileRef = 643B5AB41D29C24E00535FEE /* B5MenuPageController.swift */; };
		643B5AB81D29C58900535FEE /* A1MenuPageController.swift in Sources */ = {isa = PBXBuildFile; fileRef = 643B5AB71D29C58900535FEE /* A1MenuPageController.swift */; };
		643B5ABA1D29C59900535FEE /* A2MenuPageController.swift in Sources */ = {isa = PBXBuildFile; fileRef = 643B5AB91D29C59900535FEE /* A2MenuPageController.swift */; };
		643B5ABC1D29C5A100535FEE /* A3MenuPageController.swift in Sources */ = {isa = PBXBuildFile; fileRef = 643B5ABB1D29C5A100535FEE /* A3MenuPageController.swift */; };
		643B5ABE1D29C5AB00535FEE /* A4MenuPageController.swift in Sources */ = {isa = PBXBuildFile; fileRef = 643B5ABD1D29C5AB00535FEE /* A4MenuPageController.swift */; };
		6441A1B51D2C45AC002A5E5C /* E-RestaurantPageController.swift in Sources */ = {isa = PBXBuildFile; fileRef = 6441A1B41D2C45AC002A5E5C /* E-RestaurantPageController.swift */; };
		6441A1B71D2C466B002A5E5C /* E-1MenuPageController.swift in Sources */ = {isa = PBXBuildFile; fileRef = 6441A1B61D2C466B002A5E5C /* E-1MenuPageController.swift */; };
		6441A1B91D2C46BB002A5E5C /* E1MenuPageController.swift in Sources */ = {isa = PBXBuildFile; fileRef = 6441A1B81D2C46BB002A5E5C /* E1MenuPageController.swift */; };
		6441A1BB1D2C46C7002A5E5C /* E2MenuPageController.swift in Sources */ = {isa = PBXBuildFile; fileRef = 6441A1BA1D2C46C7002A5E5C /* E2MenuPageController.swift */; };
		6441A1BD1D2C46D4002A5E5C /* E3MenuPageController.swift in Sources */ = {isa = PBXBuildFile; fileRef = 6441A1BC1D2C46D4002A5E5C /* E3MenuPageController.swift */; };
		6441A1BF1D2C46DD002A5E5C /* E4MenuPageController.swift in Sources */ = {isa = PBXBuildFile; fileRef = 6441A1BE1D2C46DD002A5E5C /* E4MenuPageController.swift */; };
		6441A1C21D2CAC18002A5E5C /* PickerViewControllerSeries.swift in Sources */ = {isa = PBXBuildFile; fileRef = 6441A1C11D2CAC18002A5E5C /* PickerViewControllerSeries.swift */; };
		6475E0271D4B7E4E001364D9 /* GoogleService-Info.plist in Resources */ = {isa = PBXBuildFile; fileRef = 6475E0261D4B7E4E001364D9 /* GoogleService-Info.plist */; };
		6475E0281D4B7E4E001364D9 /* GoogleService-Info.plist in Resources */ = {isa = PBXBuildFile; fileRef = 6475E0261D4B7E4E001364D9 /* GoogleService-Info.plist */; };
		6475E0291D4B7E4E001364D9 /* GoogleService-Info.plist in Resources */ = {isa = PBXBuildFile; fileRef = 6475E0261D4B7E4E001364D9 /* GoogleService-Info.plist */; };
		64868DC11D45220600A303A5 /* PickerViewControllerTime.swift in Sources */ = {isa = PBXBuildFile; fileRef = 64868DC01D45220600A303A5 /* PickerViewControllerTime.swift */; };
		648A2AFB1D2CAE9600268208 /* PickerViewControllerPrice.swift in Sources */ = {isa = PBXBuildFile; fileRef = 648A2AFA1D2CAE9600268208 /* PickerViewControllerPrice.swift */; };
		648A2AFD1D2CBC5800268208 /* SearchResult2.swift in Sources */ = {isa = PBXBuildFile; fileRef = 648A2AFC1D2CBC5800268208 /* SearchResult2.swift */; };
		64D0A7881D4C3CBF001D41CC /* Try.swift in Sources */ = {isa = PBXBuildFile; fileRef = 64D0A7871D4C3CBF001D41CC /* Try.swift */; };
		64D9886D1D58962100A2C5BE /* SaveDataTest.swift in Sources */ = {isa = PBXBuildFile; fileRef = 64D9886C1D58962100A2C5BE /* SaveDataTest.swift */; };
		64D9886F1D589E1900A2C5BE /* RetrieveDataTest.swift in Sources */ = {isa = PBXBuildFile; fileRef = 64D9886E1D589E1900A2C5BE /* RetrieveDataTest.swift */; };
		64D988711D58A07900A2C5BE /* restaurant.swift in Sources */ = {isa = PBXBuildFile; fileRef = 64D988701D58A07900A2C5BE /* restaurant.swift */; };
		64FD04C31D5EAAE5000F5891 /* PickerViewControllerPlace.swift in Sources */ = {isa = PBXBuildFile; fileRef = 64FD04C21D5EAAE5000F5891 /* PickerViewControllerPlace.swift */; };
		858823E81D2EEF3F00335A25 /* E-LoveMenuPageController.swift in Sources */ = {isa = PBXBuildFile; fileRef = 858823E71D2EEF3F00335A25 /* E-LoveMenuPageController.swift */; };
		858823EA1D2F51B800335A25 /* SearchResult3.swift in Sources */ = {isa = PBXBuildFile; fileRef = 858823E91D2F51B800335A25 /* SearchResult3.swift */; };
		96E386F05570F0ED9A69686C /* Pods_0624___UITests.framework in Frameworks */ = {isa = PBXBuildFile; fileRef = DAF99A6D948D22A55A4EFD06 /* Pods_0624___UITests.framework */; };
		9DCBF42EC652FE5AAEFD14F0 /* Pods_0624___.framework in Frameworks */ = {isa = PBXBuildFile; fileRef = BCC4140FFA7C409F08AFA7C9 /* Pods_0624___.framework */; };
/* End PBXBuildFile section */

/* Begin PBXContainerItemProxy section */
		643812BA1D1CE177007D32A9 /* PBXContainerItemProxy */ = {
			isa = PBXContainerItemProxy;
			containerPortal = 6438129B1D1CE177007D32A9 /* Project object */;
			proxyType = 1;
			remoteGlobalIDString = 643812A21D1CE177007D32A9;
			remoteInfo = "0624討拍拍";
		};
		643812C51D1CE177007D32A9 /* PBXContainerItemProxy */ = {
			isa = PBXContainerItemProxy;
			containerPortal = 6438129B1D1CE177007D32A9 /* Project object */;
			proxyType = 1;
			remoteGlobalIDString = 643812A21D1CE177007D32A9;
			remoteInfo = "0624討拍拍";
		};
/* End PBXContainerItemProxy section */

/* Begin PBXFileReference section */
		04D3EC6F15ADB124B1E51120 /* Pods-0624討拍拍.debug.xcconfig */ = {isa = PBXFileReference; includeInIndex = 1; lastKnownFileType = text.xcconfig; name = "Pods-0624討拍拍.debug.xcconfig"; path = "Pods/Target Support Files/Pods-0624討拍拍/Pods-0624討拍拍.debug.xcconfig"; sourceTree = "<group>"; };
		1BBBC7520481966A81378014 /* Pods-0624討拍拍UITests.debug.xcconfig */ = {isa = PBXFileReference; includeInIndex = 1; lastKnownFileType = text.xcconfig; name = "Pods-0624討拍拍UITests.debug.xcconfig"; path = "Pods/Target Support Files/Pods-0624討拍拍UITests/Pods-0624討拍拍UITests.debug.xcconfig"; sourceTree = "<group>"; };
		643812A31D1CE177007D32A9 /* 0624討拍拍.app */ = {isa = PBXFileReference; explicitFileType = wrapper.application; includeInIndex = 0; path = "0624討拍拍.app"; sourceTree = BUILT_PRODUCTS_DIR; };
		643812A61D1CE177007D32A9 /* AppDelegate.swift */ = {isa = PBXFileReference; lastKnownFileType = sourcecode.swift; path = AppDelegate.swift; sourceTree = "<group>"; };
		643812A81D1CE177007D32A9 /* SpeakViewController.swift */ = {isa = PBXFileReference; lastKnownFileType = sourcecode.swift; path = SpeakViewController.swift; sourceTree = "<group>"; };
		643812AA1D1CE177007D32A9 /* SearchViewController.swift */ = {isa = PBXFileReference; lastKnownFileType = sourcecode.swift; path = SearchViewController.swift; sourceTree = "<group>"; };
		643812AD1D1CE177007D32A9 /* Base */ = {isa = PBXFileReference; lastKnownFileType = file.storyboard; name = Base; path = Base.lproj/Main.storyboard; sourceTree = "<group>"; };
		643812AF1D1CE177007D32A9 /* Assets.xcassets */ = {isa = PBXFileReference; lastKnownFileType = folder.assetcatalog; path = Assets.xcassets; sourceTree = "<group>"; };
		643812B21D1CE177007D32A9 /* Base */ = {isa = PBXFileReference; lastKnownFileType = file.storyboard; name = Base; path = Base.lproj/LaunchScreen.storyboard; sourceTree = "<group>"; };
		643812B41D1CE177007D32A9 /* Info.plist */ = {isa = PBXFileReference; lastKnownFileType = text.plist.xml; path = Info.plist; sourceTree = "<group>"; };
		643812B91D1CE177007D32A9 /* 0624討拍拍Tests.xctest */ = {isa = PBXFileReference; explicitFileType = wrapper.cfbundle; includeInIndex = 0; path = "0624討拍拍Tests.xctest"; sourceTree = BUILT_PRODUCTS_DIR; };
		643812BD1D1CE177007D32A9 /* _624___Tests.swift */ = {isa = PBXFileReference; lastKnownFileType = sourcecode.swift; path = "_624___Tests.swift"; sourceTree = "<group>"; };
		643812BF1D1CE177007D32A9 /* Info.plist */ = {isa = PBXFileReference; lastKnownFileType = text.plist.xml; path = Info.plist; sourceTree = "<group>"; };
		643812C41D1CE177007D32A9 /* 0624討拍拍UITests.xctest */ = {isa = PBXFileReference; explicitFileType = wrapper.cfbundle; includeInIndex = 0; path = "0624討拍拍UITests.xctest"; sourceTree = BUILT_PRODUCTS_DIR; };
		643812C81D1CE177007D32A9 /* _624___UITests.swift */ = {isa = PBXFileReference; lastKnownFileType = sourcecode.swift; path = "_624___UITests.swift"; sourceTree = "<group>"; };
		643812CA1D1CE177007D32A9 /* Info.plist */ = {isa = PBXFileReference; lastKnownFileType = text.plist.xml; path = Info.plist; sourceTree = "<group>"; };
		643812D61D1CE43B007D32A9 /* LikedViewController.swift */ = {isa = PBXFileReference; fileEncoding = 4; lastKnownFileType = sourcecode.swift; path = LikedViewController.swift; sourceTree = "<group>"; };
		643812D81D1CE475007D32A9 /* PersonalViewController.swift */ = {isa = PBXFileReference; fileEncoding = 4; lastKnownFileType = sourcecode.swift; path = PersonalViewController.swift; sourceTree = "<group>"; };
		643B59BC1D2578B600535FEE /* ScrollViewController.swift */ = {isa = PBXFileReference; fileEncoding = 4; lastKnownFileType = sourcecode.swift; path = ScrollViewController.swift; sourceTree = "<group>"; };
		643B5A741D295F0200535FEE /* SearchResult.swift */ = {isa = PBXFileReference; fileEncoding = 4; lastKnownFileType = sourcecode.swift; path = SearchResult.swift; sourceTree = "<group>"; };
		643B5A781D29626C00535FEE /* CustomResultCell.swift */ = {isa = PBXFileReference; fileEncoding = 4; lastKnownFileType = sourcecode.swift; path = CustomResultCell.swift; sourceTree = "<group>"; };
		643B5A7A1D298C3500535FEE /* CustomRestaurantCell.swift */ = {isa = PBXFileReference; fileEncoding = 4; lastKnownFileType = sourcecode.swift; path = CustomRestaurantCell.swift; sourceTree = "<group>"; };
		643B5A7C1D298D5600535FEE /* A-RestaurantPageController.swift */ = {isa = PBXFileReference; fileEncoding = 4; lastKnownFileType = sourcecode.swift; path = "A-RestaurantPageController.swift"; sourceTree = "<group>"; };
		643B5A7E1D29981400535FEE /* B-RestaurantPageController.swift */ = {isa = PBXFileReference; fileEncoding = 4; lastKnownFileType = sourcecode.swift; path = "B-RestaurantPageController.swift"; sourceTree = "<group>"; };
		643B5A801D29997000535FEE /* C-RestaurantPageController.swift */ = {isa = PBXFileReference; fileEncoding = 4; lastKnownFileType = sourcecode.swift; path = "C-RestaurantPageController.swift"; sourceTree = "<group>"; };
		643B5A821D299AB700535FEE /* D-RestaurantPageController.swift */ = {isa = PBXFileReference; fileEncoding = 4; lastKnownFileType = sourcecode.swift; path = "D-RestaurantPageController.swift"; sourceTree = "<group>"; };
		643B5A861D299DF100535FEE /* A-1MenuPageController.swift */ = {isa = PBXFileReference; fileEncoding = 4; lastKnownFileType = sourcecode.swift; path = "A-1MenuPageController.swift"; sourceTree = "<group>"; };
		643B5A881D29A03200535FEE /* CustomMenuSeriesCell.swift */ = {isa = PBXFileReference; fileEncoding = 4; lastKnownFileType = sourcecode.swift; path = CustomMenuSeriesCell.swift; sourceTree = "<group>"; };
		643B5A8A1D29A37400535FEE /* B-1MenuPageController.swift */ = {isa = PBXFileReference; fileEncoding = 4; lastKnownFileType = sourcecode.swift; path = "B-1MenuPageController.swift"; sourceTree = "<group>"; };
		643B5A8C1D29A59400535FEE /* C-1MenuPageController.swift */ = {isa = PBXFileReference; fileEncoding = 4; lastKnownFileType = sourcecode.swift; path = "C-1MenuPageController.swift"; sourceTree = "<group>"; };
		643B5A8E1D29A77F00535FEE /* D-1MenuPageController.swift */ = {isa = PBXFileReference; fileEncoding = 4; lastKnownFileType = sourcecode.swift; path = "D-1MenuPageController.swift"; sourceTree = "<group>"; };
		643B5A901D29AA1200535FEE /* D1MenuPageController.swift */ = {isa = PBXFileReference; fileEncoding = 4; lastKnownFileType = sourcecode.swift; path = D1MenuPageController.swift; sourceTree = "<group>"; };
		643B5A921D29AAFF00535FEE /* CustomMenu2Cell.swift */ = {isa = PBXFileReference; fileEncoding = 4; lastKnownFileType = sourcecode.swift; name = CustomMenu2Cell.swift; path = ../CustomMenu2Cell.swift; sourceTree = "<group>"; };
		643B5A941D29AE4200535FEE /* D2MenuPageController.swift */ = {isa = PBXFileReference; fileEncoding = 4; lastKnownFileType = sourcecode.swift; path = D2MenuPageController.swift; sourceTree = "<group>"; };
		643B5A961D29AEB800535FEE /* D3MenuPageController.swift */ = {isa = PBXFileReference; fileEncoding = 4; lastKnownFileType = sourcecode.swift; path = D3MenuPageController.swift; sourceTree = "<group>"; };
		643B5A981D29AF2100535FEE /* D4MenuPageController.swift */ = {isa = PBXFileReference; fileEncoding = 4; lastKnownFileType = sourcecode.swift; path = D4MenuPageController.swift; sourceTree = "<group>"; };
		643B5A9A1D29AF7A00535FEE /* D5MenuPageController.swift */ = {isa = PBXFileReference; fileEncoding = 4; lastKnownFileType = sourcecode.swift; path = D5MenuPageController.swift; sourceTree = "<group>"; };
		643B5A9C1D29B02000535FEE /* D6MenuPageController.swift */ = {isa = PBXFileReference; fileEncoding = 4; lastKnownFileType = sourcecode.swift; path = D6MenuPageController.swift; sourceTree = "<group>"; };
		643B5A9E1D29B09100535FEE /* D7MenuPageController.swift */ = {isa = PBXFileReference; fileEncoding = 4; lastKnownFileType = sourcecode.swift; path = D7MenuPageController.swift; sourceTree = "<group>"; };
		643B5AA01D29B10800535FEE /* D8MenuPageController.swift */ = {isa = PBXFileReference; fileEncoding = 4; lastKnownFileType = sourcecode.swift; path = D8MenuPageController.swift; sourceTree = "<group>"; };
		643B5AA21D29B17900535FEE /* D9MenuPageController.swift */ = {isa = PBXFileReference; fileEncoding = 4; lastKnownFileType = sourcecode.swift; path = D9MenuPageController.swift; sourceTree = "<group>"; };
		643B5AA51D29BCE200535FEE /* C1MenuPageController.swift */ = {isa = PBXFileReference; fileEncoding = 4; lastKnownFileType = sourcecode.swift; path = C1MenuPageController.swift; sourceTree = "<group>"; };
		643B5AA71D29BD1600535FEE /* C2MenuPageController.swift */ = {isa = PBXFileReference; fileEncoding = 4; lastKnownFileType = sourcecode.swift; path = C2MenuPageController.swift; sourceTree = "<group>"; };
		643B5AA91D29BD1F00535FEE /* C3MenuPageController.swift */ = {isa = PBXFileReference; fileEncoding = 4; lastKnownFileType = sourcecode.swift; path = C3MenuPageController.swift; sourceTree = "<group>"; };
		643B5AAC1D29C0F800535FEE /* B1MenuPageController.swift */ = {isa = PBXFileReference; fileEncoding = 4; lastKnownFileType = sourcecode.swift; path = B1MenuPageController.swift; sourceTree = "<group>"; };
		643B5AAE1D29C11900535FEE /* B2MenuPageController.swift */ = {isa = PBXFileReference; fileEncoding = 4; lastKnownFileType = sourcecode.swift; path = B2MenuPageController.swift; sourceTree = "<group>"; };
		643B5AB01D29C12900535FEE /* B3MenuPageController.swift */ = {isa = PBXFileReference; fileEncoding = 4; lastKnownFileType = sourcecode.swift; path = B3MenuPageController.swift; sourceTree = "<group>"; };
		643B5AB21D29C24500535FEE /* B4MenuPageController.swift */ = {isa = PBXFileReference; fileEncoding = 4; lastKnownFileType = sourcecode.swift; path = B4MenuPageController.swift; sourceTree = "<group>"; };
		643B5AB41D29C24E00535FEE /* B5MenuPageController.swift */ = {isa = PBXFileReference; fileEncoding = 4; lastKnownFileType = sourcecode.swift; path = B5MenuPageController.swift; sourceTree = "<group>"; };
		643B5AB71D29C58900535FEE /* A1MenuPageController.swift */ = {isa = PBXFileReference; fileEncoding = 4; lastKnownFileType = sourcecode.swift; path = A1MenuPageController.swift; sourceTree = "<group>"; };
		643B5AB91D29C59900535FEE /* A2MenuPageController.swift */ = {isa = PBXFileReference; fileEncoding = 4; lastKnownFileType = sourcecode.swift; path = A2MenuPageController.swift; sourceTree = "<group>"; };
		643B5ABB1D29C5A100535FEE /* A3MenuPageController.swift */ = {isa = PBXFileReference; fileEncoding = 4; lastKnownFileType = sourcecode.swift; path = A3MenuPageController.swift; sourceTree = "<group>"; };
		643B5ABD1D29C5AB00535FEE /* A4MenuPageController.swift */ = {isa = PBXFileReference; fileEncoding = 4; lastKnownFileType = sourcecode.swift; path = A4MenuPageController.swift; sourceTree = "<group>"; };
		6441A1B41D2C45AC002A5E5C /* E-RestaurantPageController.swift */ = {isa = PBXFileReference; fileEncoding = 4; lastKnownFileType = sourcecode.swift; path = "E-RestaurantPageController.swift"; sourceTree = "<group>"; };
		6441A1B61D2C466B002A5E5C /* E-1MenuPageController.swift */ = {isa = PBXFileReference; fileEncoding = 4; lastKnownFileType = sourcecode.swift; path = "E-1MenuPageController.swift"; sourceTree = "<group>"; };
		6441A1B81D2C46BB002A5E5C /* E1MenuPageController.swift */ = {isa = PBXFileReference; fileEncoding = 4; lastKnownFileType = sourcecode.swift; path = E1MenuPageController.swift; sourceTree = "<group>"; };
		6441A1BA1D2C46C7002A5E5C /* E2MenuPageController.swift */ = {isa = PBXFileReference; fileEncoding = 4; lastKnownFileType = sourcecode.swift; path = E2MenuPageController.swift; sourceTree = "<group>"; };
		6441A1BC1D2C46D4002A5E5C /* E3MenuPageController.swift */ = {isa = PBXFileReference; fileEncoding = 4; lastKnownFileType = sourcecode.swift; path = E3MenuPageController.swift; sourceTree = "<group>"; };
		6441A1BE1D2C46DD002A5E5C /* E4MenuPageController.swift */ = {isa = PBXFileReference; fileEncoding = 4; lastKnownFileType = sourcecode.swift; path = E4MenuPageController.swift; sourceTree = "<group>"; };
		6441A1C11D2CAC18002A5E5C /* PickerViewControllerSeries.swift */ = {isa = PBXFileReference; fileEncoding = 4; lastKnownFileType = sourcecode.swift; path = PickerViewControllerSeries.swift; sourceTree = "<group>"; };
		6475E0261D4B7E4E001364D9 /* GoogleService-Info.plist */ = {isa = PBXFileReference; fileEncoding = 4; lastKnownFileType = text.plist.xml; path = "GoogleService-Info.plist"; sourceTree = "<group>"; };
		64868DC01D45220600A303A5 /* PickerViewControllerTime.swift */ = {isa = PBXFileReference; fileEncoding = 4; lastKnownFileType = sourcecode.swift; path = PickerViewControllerTime.swift; sourceTree = "<group>"; };
		648A2AFA1D2CAE9600268208 /* PickerViewControllerPrice.swift */ = {isa = PBXFileReference; fileEncoding = 4; lastKnownFileType = sourcecode.swift; path = PickerViewControllerPrice.swift; sourceTree = "<group>"; };
		648A2AFC1D2CBC5800268208 /* SearchResult2.swift */ = {isa = PBXFileReference; fileEncoding = 4; lastKnownFileType = sourcecode.swift; path = SearchResult2.swift; sourceTree = "<group>"; };
		64D0A7871D4C3CBF001D41CC /* Try.swift */ = {isa = PBXFileReference; fileEncoding = 4; lastKnownFileType = sourcecode.swift; name = Try.swift; path = Model/Try.swift; sourceTree = "<group>"; };
		64D9886C1D58962100A2C5BE /* SaveDataTest.swift */ = {isa = PBXFileReference; fileEncoding = 4; lastKnownFileType = sourcecode.swift; path = SaveDataTest.swift; sourceTree = "<group>"; };
		64D9886E1D589E1900A2C5BE /* RetrieveDataTest.swift */ = {isa = PBXFileReference; fileEncoding = 4; lastKnownFileType = sourcecode.swift; path = RetrieveDataTest.swift; sourceTree = "<group>"; };
		64D988701D58A07900A2C5BE /* restaurant.swift */ = {isa = PBXFileReference; fileEncoding = 4; lastKnownFileType = sourcecode.swift; path = restaurant.swift; sourceTree = "<group>"; };
		64FD04C21D5EAAE5000F5891 /* PickerViewControllerPlace.swift */ = {isa = PBXFileReference; fileEncoding = 4; lastKnownFileType = sourcecode.swift; path = PickerViewControllerPlace.swift; sourceTree = "<group>"; };
		6548E2D03C9D0C84D61B3B90 /* Pods-0624討拍拍Tests.debug.xcconfig */ = {isa = PBXFileReference; includeInIndex = 1; lastKnownFileType = text.xcconfig; name = "Pods-0624討拍拍Tests.debug.xcconfig"; path = "Pods/Target Support Files/Pods-0624討拍拍Tests/Pods-0624討拍拍Tests.debug.xcconfig"; sourceTree = "<group>"; };
		858823E71D2EEF3F00335A25 /* E-LoveMenuPageController.swift */ = {isa = PBXFileReference; fileEncoding = 4; lastKnownFileType = sourcecode.swift; path = "E-LoveMenuPageController.swift"; sourceTree = "<group>"; };
		858823E91D2F51B800335A25 /* SearchResult3.swift */ = {isa = PBXFileReference; fileEncoding = 4; lastKnownFileType = sourcecode.swift; path = SearchResult3.swift; sourceTree = "<group>"; };
		8E21DF74AAA175FDE20D4099 /* Pods_0624___Tests.framework */ = {isa = PBXFileReference; explicitFileType = wrapper.framework; includeInIndex = 0; path = "Pods_0624___Tests.framework"; sourceTree = BUILT_PRODUCTS_DIR; };
		BCC4140FFA7C409F08AFA7C9 /* Pods_0624___.framework */ = {isa = PBXFileReference; explicitFileType = wrapper.framework; includeInIndex = 0; path = "Pods_0624___.framework"; sourceTree = BUILT_PRODUCTS_DIR; };
		DAF99A6D948D22A55A4EFD06 /* Pods_0624___UITests.framework */ = {isa = PBXFileReference; explicitFileType = wrapper.framework; includeInIndex = 0; path = "Pods_0624___UITests.framework"; sourceTree = BUILT_PRODUCTS_DIR; };
		E06BDCA83BDCE54037934AE5 /* Pods-0624討拍拍Tests.release.xcconfig */ = {isa = PBXFileReference; includeInIndex = 1; lastKnownFileType = text.xcconfig; name = "Pods-0624討拍拍Tests.release.xcconfig"; path = "Pods/Target Support Files/Pods-0624討拍拍Tests/Pods-0624討拍拍Tests.release.xcconfig"; sourceTree = "<group>"; };
		FCF4B45E26C19FB0267FA133 /* Pods-0624討拍拍.release.xcconfig */ = {isa = PBXFileReference; includeInIndex = 1; lastKnownFileType = text.xcconfig; name = "Pods-0624討拍拍.release.xcconfig"; path = "Pods/Target Support Files/Pods-0624討拍拍/Pods-0624討拍拍.release.xcconfig"; sourceTree = "<group>"; };
		FF6EED775620EA771A5775B0 /* Pods-0624討拍拍UITests.release.xcconfig */ = {isa = PBXFileReference; includeInIndex = 1; lastKnownFileType = text.xcconfig; name = "Pods-0624討拍拍UITests.release.xcconfig"; path = "Pods/Target Support Files/Pods-0624討拍拍UITests/Pods-0624討拍拍UITests.release.xcconfig"; sourceTree = "<group>"; };
/* End PBXFileReference section */

/* Begin PBXFrameworksBuildPhase section */
		643812A01D1CE177007D32A9 /* Frameworks */ = {
			isa = PBXFrameworksBuildPhase;
			buildActionMask = 2147483647;
			files = (
				9DCBF42EC652FE5AAEFD14F0 /* Pods_0624___.framework in Frameworks */,
			);
			runOnlyForDeploymentPostprocessing = 0;
		};
		643812B61D1CE177007D32A9 /* Frameworks */ = {
			isa = PBXFrameworksBuildPhase;
			buildActionMask = 2147483647;
			files = (
				54098B7454865AD32B39DFF0 /* Pods_0624___Tests.framework in Frameworks */,
			);
			runOnlyForDeploymentPostprocessing = 0;
		};
		643812C11D1CE177007D32A9 /* Frameworks */ = {
			isa = PBXFrameworksBuildPhase;
			buildActionMask = 2147483647;
			files = (
				96E386F05570F0ED9A69686C /* Pods_0624___UITests.framework in Frameworks */,
			);
			runOnlyForDeploymentPostprocessing = 0;
		};
/* End PBXFrameworksBuildPhase section */

/* Begin PBXGroup section */
		467D3164D2A597932400F882 /* Frameworks */ = {
			isa = PBXGroup;
			children = (
				BCC4140FFA7C409F08AFA7C9 /* Pods_0624___.framework */,
				8E21DF74AAA175FDE20D4099 /* Pods_0624___Tests.framework */,
				DAF99A6D948D22A55A4EFD06 /* Pods_0624___UITests.framework */,
			);
			name = Frameworks;
			sourceTree = "<group>";
		};
		5D4594552C07D55B6C33F284 /* Pods */ = {
			isa = PBXGroup;
			children = (
				04D3EC6F15ADB124B1E51120 /* Pods-0624討拍拍.debug.xcconfig */,
				FCF4B45E26C19FB0267FA133 /* Pods-0624討拍拍.release.xcconfig */,
				6548E2D03C9D0C84D61B3B90 /* Pods-0624討拍拍Tests.debug.xcconfig */,
				E06BDCA83BDCE54037934AE5 /* Pods-0624討拍拍Tests.release.xcconfig */,
				1BBBC7520481966A81378014 /* Pods-0624討拍拍UITests.debug.xcconfig */,
				FF6EED775620EA771A5775B0 /* Pods-0624討拍拍UITests.release.xcconfig */,
			);
			name = Pods;
			sourceTree = "<group>";
		};
		6438129A1D1CE177007D32A9 = {
			isa = PBXGroup;
			children = (
				643812A51D1CE177007D32A9 /* 0624討拍拍 */,
				643812BC1D1CE177007D32A9 /* 0624討拍拍Tests */,
				643812C71D1CE177007D32A9 /* 0624討拍拍UITests */,
				643812A41D1CE177007D32A9 /* Products */,
				5D4594552C07D55B6C33F284 /* Pods */,
				467D3164D2A597932400F882 /* Frameworks */,
			);
			sourceTree = "<group>";
		};
		643812A41D1CE177007D32A9 /* Products */ = {
			isa = PBXGroup;
			children = (
				643812A31D1CE177007D32A9 /* 0624討拍拍.app */,
				643812B91D1CE177007D32A9 /* 0624討拍拍Tests.xctest */,
				643812C41D1CE177007D32A9 /* 0624討拍拍UITests.xctest */,
			);
			name = Products;
			sourceTree = "<group>";
		};
		643812A51D1CE177007D32A9 /* 0624討拍拍 */ = {
			isa = PBXGroup;
			children = (
				643812AC1D1CE177007D32A9 /* Main.storyboard */,
				643812A61D1CE177007D32A9 /* AppDelegate.swift */,
				6475E0261D4B7E4E001364D9 /* GoogleService-Info.plist */,
				64D0A7891D4C3CD6001D41CC /* Test */,
				643B5A841D299CB700535FEE /* Tabbar */,
				643B5A851D299D0100535FEE /* SearchResult */,
				643B59BC1D2578B600535FEE /* ScrollViewController.swift */,
				64FD04C21D5EAAE5000F5891 /* PickerViewControllerPlace.swift */,
				64868DC01D45220600A303A5 /* PickerViewControllerTime.swift */,
				6441A1C11D2CAC18002A5E5C /* PickerViewControllerSeries.swift */,
				648A2AFA1D2CAE9600268208 /* PickerViewControllerPrice.swift */,
				643812AF1D1CE177007D32A9 /* Assets.xcassets */,
				643812B11D1CE177007D32A9 /* LaunchScreen.storyboard */,
				643812B41D1CE177007D32A9 /* Info.plist */,
			);
			path = "0624討拍拍";
			sourceTree = "<group>";
		};
		643812BC1D1CE177007D32A9 /* 0624討拍拍Tests */ = {
			isa = PBXGroup;
			children = (
				643812BD1D1CE177007D32A9 /* _624___Tests.swift */,
				643812BF1D1CE177007D32A9 /* Info.plist */,
			);
			path = "0624討拍拍Tests";
			sourceTree = "<group>";
		};
		643812C71D1CE177007D32A9 /* 0624討拍拍UITests */ = {
			isa = PBXGroup;
			children = (
				643812C81D1CE177007D32A9 /* _624___UITests.swift */,
				643812CA1D1CE177007D32A9 /* Info.plist */,
			);
			path = "0624討拍拍UITests";
			sourceTree = "<group>";
		};
		643B5A841D299CB700535FEE /* Tabbar */ = {
			isa = PBXGroup;
			children = (
				643812A81D1CE177007D32A9 /* SpeakViewController.swift */,
				643812AA1D1CE177007D32A9 /* SearchViewController.swift */,
				643812D81D1CE475007D32A9 /* PersonalViewController.swift */,
				643812D61D1CE43B007D32A9 /* LikedViewController.swift */,
			);
			name = Tabbar;
			sourceTree = "<group>";
		};
		643B5A851D299D0100535FEE /* SearchResult */ = {
			isa = PBXGroup;
			children = (
				643B5A741D295F0200535FEE /* SearchResult.swift */,
				648A2AFC1D2CBC5800268208 /* SearchResult2.swift */,
				858823E91D2F51B800335A25 /* SearchResult3.swift */,
				643B5A781D29626C00535FEE /* CustomResultCell.swift */,
				643B5A7A1D298C3500535FEE /* CustomRestaurantCell.swift */,
				643B5A881D29A03200535FEE /* CustomMenuSeriesCell.swift */,
				643B5A921D29AAFF00535FEE /* CustomMenu2Cell.swift */,
				643B5A7C1D298D5600535FEE /* A-RestaurantPageController.swift */,
				643B5A861D299DF100535FEE /* A-1MenuPageController.swift */,
				643B5AB71D29C58900535FEE /* A1MenuPageController.swift */,
				643B5AB91D29C59900535FEE /* A2MenuPageController.swift */,
				643B5ABB1D29C5A100535FEE /* A3MenuPageController.swift */,
				643B5ABD1D29C5AB00535FEE /* A4MenuPageController.swift */,
				643B5A7E1D29981400535FEE /* B-RestaurantPageController.swift */,
				643B5AB61D29C56200535FEE /* B-Menu */,
				643B5A801D29997000535FEE /* C-RestaurantPageController.swift */,
				643B5AAB1D29C0C100535FEE /* C-Menues */,
				643B5A821D299AB700535FEE /* D-RestaurantPageController.swift */,
				643B5AA41D29BCBC00535FEE /* D-Menus */,
				6441A1B41D2C45AC002A5E5C /* E-RestaurantPageController.swift */,
				6441A1C01D2CABFC002A5E5C /* E-Menus */,
			);
			name = SearchResult;
			sourceTree = "<group>";
		};
		643B5AA41D29BCBC00535FEE /* D-Menus */ = {
			isa = PBXGroup;
			children = (
				643B5A8E1D29A77F00535FEE /* D-1MenuPageController.swift */,
				643B5A901D29AA1200535FEE /* D1MenuPageController.swift */,
				643B5A941D29AE4200535FEE /* D2MenuPageController.swift */,
				643B5A961D29AEB800535FEE /* D3MenuPageController.swift */,
				643B5A981D29AF2100535FEE /* D4MenuPageController.swift */,
				643B5A9A1D29AF7A00535FEE /* D5MenuPageController.swift */,
				643B5A9C1D29B02000535FEE /* D6MenuPageController.swift */,
				643B5A9E1D29B09100535FEE /* D7MenuPageController.swift */,
				643B5AA01D29B10800535FEE /* D8MenuPageController.swift */,
				643B5AA21D29B17900535FEE /* D9MenuPageController.swift */,
			);
			name = "D-Menus";
			sourceTree = "<group>";
		};
		643B5AAB1D29C0C100535FEE /* C-Menues */ = {
			isa = PBXGroup;
			children = (
				643B5A8C1D29A59400535FEE /* C-1MenuPageController.swift */,
				643B5AA51D29BCE200535FEE /* C1MenuPageController.swift */,
				643B5AA71D29BD1600535FEE /* C2MenuPageController.swift */,
				643B5AA91D29BD1F00535FEE /* C3MenuPageController.swift */,
			);
			name = "C-Menues";
			sourceTree = "<group>";
		};
		643B5AB61D29C56200535FEE /* B-Menu */ = {
			isa = PBXGroup;
			children = (
				643B5A8A1D29A37400535FEE /* B-1MenuPageController.swift */,
				643B5AAC1D29C0F800535FEE /* B1MenuPageController.swift */,
				643B5AAE1D29C11900535FEE /* B2MenuPageController.swift */,
				643B5AB01D29C12900535FEE /* B3MenuPageController.swift */,
				643B5AB21D29C24500535FEE /* B4MenuPageController.swift */,
				643B5AB41D29C24E00535FEE /* B5MenuPageController.swift */,
			);
			name = "B-Menu";
			sourceTree = "<group>";
		};
		6441A1C01D2CABFC002A5E5C /* E-Menus */ = {
			isa = PBXGroup;
			children = (
				6441A1B61D2C466B002A5E5C /* E-1MenuPageController.swift */,
				6441A1B81D2C46BB002A5E5C /* E1MenuPageController.swift */,
				6441A1BA1D2C46C7002A5E5C /* E2MenuPageController.swift */,
				6441A1BC1D2C46D4002A5E5C /* E3MenuPageController.swift */,
				6441A1BE1D2C46DD002A5E5C /* E4MenuPageController.swift */,
				858823E71D2EEF3F00335A25 /* E-LoveMenuPageController.swift */,
			);
			name = "E-Menus";
			sourceTree = "<group>";
		};
		64D0A7891D4C3CD6001D41CC /* Test */ = {
			isa = PBXGroup;
			children = (
				64D9886C1D58962100A2C5BE /* SaveDataTest.swift */,
				64D9886E1D589E1900A2C5BE /* RetrieveDataTest.swift */,
				64D0A7871D4C3CBF001D41CC /* Try.swift */,
				64D988701D58A07900A2C5BE /* restaurant.swift */,
			);
			name = Test;
			sourceTree = "<group>";
		};
/* End PBXGroup section */

/* Begin PBXNativeTarget section */
		643812A21D1CE177007D32A9 /* 0624討拍拍 */ = {
			isa = PBXNativeTarget;
			buildConfigurationList = 643812CD1D1CE177007D32A9 /* Build configuration list for PBXNativeTarget "0624討拍拍" */;
			buildPhases = (
				DF410E508776CECE498423FD /* [CP] Check Pods Manifest.lock */,
				6438129F1D1CE177007D32A9 /* Sources */,
				643812A01D1CE177007D32A9 /* Frameworks */,
				643812A11D1CE177007D32A9 /* Resources */,
				990978D17915B13E17264A9E /* [CP] Embed Pods Frameworks */,
				AFE2D8474A0FA70A87658216 /* [CP] Copy Pods Resources */,
			);
			buildRules = (
			);
			dependencies = (
			);
			name = "0624討拍拍";
			productName = "0624討拍拍";
			productReference = 643812A31D1CE177007D32A9 /* 0624討拍拍.app */;
			productType = "com.apple.product-type.application";
		};
		643812B81D1CE177007D32A9 /* 0624討拍拍Tests */ = {
			isa = PBXNativeTarget;
			buildConfigurationList = 643812D01D1CE177007D32A9 /* Build configuration list for PBXNativeTarget "0624討拍拍Tests" */;
			buildPhases = (
				D6A1FA6C4562462BB79A1181 /* [CP] Check Pods Manifest.lock */,
				643812B51D1CE177007D32A9 /* Sources */,
				643812B61D1CE177007D32A9 /* Frameworks */,
				643812B71D1CE177007D32A9 /* Resources */,
				97A596B1E15C9E421E344859 /* [CP] Embed Pods Frameworks */,
				ED4E5B5D0523F869510E613A /* [CP] Copy Pods Resources */,
			);
			buildRules = (
			);
			dependencies = (
				643812BB1D1CE177007D32A9 /* PBXTargetDependency */,
			);
			name = "0624討拍拍Tests";
			productName = "0624討拍拍Tests";
			productReference = 643812B91D1CE177007D32A9 /* 0624討拍拍Tests.xctest */;
			productType = "com.apple.product-type.bundle.unit-test";
		};
		643812C31D1CE177007D32A9 /* 0624討拍拍UITests */ = {
			isa = PBXNativeTarget;
			buildConfigurationList = 643812D31D1CE177007D32A9 /* Build configuration list for PBXNativeTarget "0624討拍拍UITests" */;
			buildPhases = (
				BBACEBD97F71CAE9A70E466D /* [CP] Check Pods Manifest.lock */,
				643812C01D1CE177007D32A9 /* Sources */,
				643812C11D1CE177007D32A9 /* Frameworks */,
				643812C21D1CE177007D32A9 /* Resources */,
				BFE9A1EE741CE4EC9D7102EE /* [CP] Copy Pods Resources */,
			);
			buildRules = (
			);
			dependencies = (
				643812C61D1CE177007D32A9 /* PBXTargetDependency */,
			);
			name = "0624討拍拍UITests";
			productName = "0624討拍拍UITests";
			productReference = 643812C41D1CE177007D32A9 /* 0624討拍拍UITests.xctest */;
			productType = "com.apple.product-type.bundle.ui-testing";
		};
/* End PBXNativeTarget section */

/* Begin PBXProject section */
		6438129B1D1CE177007D32A9 /* Project object */ = {
			isa = PBXProject;
			attributes = {
				LastSwiftUpdateCheck = 0730;
				LastUpgradeCheck = 0730;
				ORGANIZATIONNAME = Uxpa_Everyday;
				TargetAttributes = {
					643812A21D1CE177007D32A9 = {
						CreatedOnToolsVersion = 7.3.1;
						DevelopmentTeam = M7E3HSUNTV;
					};
					643812B81D1CE177007D32A9 = {
						CreatedOnToolsVersion = 7.3.1;
						DevelopmentTeam = M7E3HSUNTV;
						TestTargetID = 643812A21D1CE177007D32A9;
					};
					643812C31D1CE177007D32A9 = {
						CreatedOnToolsVersion = 7.3.1;
						DevelopmentTeam = M7E3HSUNTV;
						TestTargetID = 643812A21D1CE177007D32A9;
					};
				};
			};
			buildConfigurationList = 6438129E1D1CE177007D32A9 /* Build configuration list for PBXProject "0624討拍拍" */;
			compatibilityVersion = "Xcode 3.2";
			developmentRegion = English;
			hasScannedForEncodings = 0;
			knownRegions = (
				en,
				Base,
			);
			mainGroup = 6438129A1D1CE177007D32A9;
			productRefGroup = 643812A41D1CE177007D32A9 /* Products */;
			projectDirPath = "";
			projectRoot = "";
			targets = (
				643812A21D1CE177007D32A9 /* 0624討拍拍 */,
				643812B81D1CE177007D32A9 /* 0624討拍拍Tests */,
				643812C31D1CE177007D32A9 /* 0624討拍拍UITests */,
			);
		};
/* End PBXProject section */

/* Begin PBXResourcesBuildPhase section */
		643812A11D1CE177007D32A9 /* Resources */ = {
			isa = PBXResourcesBuildPhase;
			buildActionMask = 2147483647;
			files = (
				643812B31D1CE177007D32A9 /* LaunchScreen.storyboard in Resources */,
				6475E0271D4B7E4E001364D9 /* GoogleService-Info.plist in Resources */,
				643812B01D1CE177007D32A9 /* Assets.xcassets in Resources */,
				643812AE1D1CE177007D32A9 /* Main.storyboard in Resources */,
			);
			runOnlyForDeploymentPostprocessing = 0;
		};
		643812B71D1CE177007D32A9 /* Resources */ = {
			isa = PBXResourcesBuildPhase;
			buildActionMask = 2147483647;
			files = (
				6475E0281D4B7E4E001364D9 /* GoogleService-Info.plist in Resources */,
			);
			runOnlyForDeploymentPostprocessing = 0;
		};
		643812C21D1CE177007D32A9 /* Resources */ = {
			isa = PBXResourcesBuildPhase;
			buildActionMask = 2147483647;
			files = (
				6475E0291D4B7E4E001364D9 /* GoogleService-Info.plist in Resources */,
			);
			runOnlyForDeploymentPostprocessing = 0;
		};
/* End PBXResourcesBuildPhase section */

/* Begin PBXShellScriptBuildPhase section */
		97A596B1E15C9E421E344859 /* [CP] Embed Pods Frameworks */ = {
			isa = PBXShellScriptBuildPhase;
			buildActionMask = 2147483647;
			files = (
			);
			inputPaths = (
			);
			name = "[CP] Embed Pods Frameworks";
			outputPaths = (
			);
			runOnlyForDeploymentPostprocessing = 0;
			shellPath = /bin/sh;
			shellScript = "\"${SRCROOT}/Pods/Target Support Files/Pods-0624討拍拍Tests/Pods-0624討拍拍Tests-frameworks.sh\"\n";
			showEnvVarsInLog = 0;
		};
		990978D17915B13E17264A9E /* [CP] Embed Pods Frameworks */ = {
			isa = PBXShellScriptBuildPhase;
			buildActionMask = 2147483647;
			files = (
			);
			inputPaths = (
			);
			name = "[CP] Embed Pods Frameworks";
			outputPaths = (
			);
			runOnlyForDeploymentPostprocessing = 0;
			shellPath = /bin/sh;
			shellScript = "\"${SRCROOT}/Pods/Target Support Files/Pods-0624討拍拍/Pods-0624討拍拍-frameworks.sh\"\n";
			showEnvVarsInLog = 0;
		};
		AFE2D8474A0FA70A87658216 /* [CP] Copy Pods Resources */ = {
			isa = PBXShellScriptBuildPhase;
			buildActionMask = 2147483647;
			files = (
			);
			inputPaths = (
			);
			name = "[CP] Copy Pods Resources";
			outputPaths = (
			);
			runOnlyForDeploymentPostprocessing = 0;
			shellPath = /bin/sh;
			shellScript = "\"${SRCROOT}/Pods/Target Support Files/Pods-0624討拍拍/Pods-0624討拍拍-resources.sh\"\n";
			showEnvVarsInLog = 0;
		};
		BBACEBD97F71CAE9A70E466D /* [CP] Check Pods Manifest.lock */ = {
			isa = PBXShellScriptBuildPhase;
			buildActionMask = 2147483647;
			files = (
			);
			inputPaths = (
			);
			name = "[CP] Check Pods Manifest.lock";
			outputPaths = (
			);
			runOnlyForDeploymentPostprocessing = 0;
			shellPath = /bin/sh;
			shellScript = "diff \"${PODS_ROOT}/../Podfile.lock\" \"${PODS_ROOT}/Manifest.lock\" > /dev/null\nif [[ $? != 0 ]] ; then\n    cat << EOM\nerror: The sandbox is not in sync with the Podfile.lock. Run 'pod install' or update your CocoaPods installation.\nEOM\n    exit 1\nfi\n";
			showEnvVarsInLog = 0;
		};
		BFE9A1EE741CE4EC9D7102EE /* [CP] Copy Pods Resources */ = {
			isa = PBXShellScriptBuildPhase;
			buildActionMask = 2147483647;
			files = (
			);
			inputPaths = (
			);
			name = "[CP] Copy Pods Resources";
			outputPaths = (
			);
			runOnlyForDeploymentPostprocessing = 0;
			shellPath = /bin/sh;
			shellScript = "\"${SRCROOT}/Pods/Target Support Files/Pods-0624討拍拍UITests/Pods-0624討拍拍UITests-resources.sh\"\n";
			showEnvVarsInLog = 0;
		};
		D6A1FA6C4562462BB79A1181 /* [CP] Check Pods Manifest.lock */ = {
			isa = PBXShellScriptBuildPhase;
			buildActionMask = 2147483647;
			files = (
			);
			inputPaths = (
			);
			name = "[CP] Check Pods Manifest.lock";
			outputPaths = (
			);
			runOnlyForDeploymentPostprocessing = 0;
			shellPath = /bin/sh;
			shellScript = "diff \"${PODS_ROOT}/../Podfile.lock\" \"${PODS_ROOT}/Manifest.lock\" > /dev/null\nif [[ $? != 0 ]] ; then\n    cat << EOM\nerror: The sandbox is not in sync with the Podfile.lock. Run 'pod install' or update your CocoaPods installation.\nEOM\n    exit 1\nfi\n";
			showEnvVarsInLog = 0;
		};
		DF410E508776CECE498423FD /* [CP] Check Pods Manifest.lock */ = {
			isa = PBXShellScriptBuildPhase;
			buildActionMask = 2147483647;
			files = (
			);
			inputPaths = (
			);
			name = "[CP] Check Pods Manifest.lock";
			outputPaths = (
			);
			runOnlyForDeploymentPostprocessing = 0;
			shellPath = /bin/sh;
			shellScript = "diff \"${PODS_ROOT}/../Podfile.lock\" \"${PODS_ROOT}/Manifest.lock\" > /dev/null\nif [[ $? != 0 ]] ; then\n    cat << EOM\nerror: The sandbox is not in sync with the Podfile.lock. Run 'pod install' or update your CocoaPods installation.\nEOM\n    exit 1\nfi\n";
			showEnvVarsInLog = 0;
		};
		ED4E5B5D0523F869510E613A /* [CP] Copy Pods Resources */ = {
			isa = PBXShellScriptBuildPhase;
			buildActionMask = 2147483647;
			files = (
			);
			inputPaths = (
			);
			name = "[CP] Copy Pods Resources";
			outputPaths = (
			);
			runOnlyForDeploymentPostprocessing = 0;
			shellPath = /bin/sh;
			shellScript = "\"${SRCROOT}/Pods/Target Support Files/Pods-0624討拍拍Tests/Pods-0624討拍拍Tests-resources.sh\"\n";
			showEnvVarsInLog = 0;
		};
/* End PBXShellScriptBuildPhase section */

/* Begin PBXSourcesBuildPhase section */
		6438129F1D1CE177007D32A9 /* Sources */ = {
			isa = PBXSourcesBuildPhase;
			buildActionMask = 2147483647;
			files = (
				643812D71D1CE43B007D32A9 /* LikedViewController.swift in Sources */,
				643B5A751D295F0200535FEE /* SearchResult.swift in Sources */,
				643B5A9F1D29B09100535FEE /* D7MenuPageController.swift in Sources */,
				643B5A991D29AF2100535FEE /* D4MenuPageController.swift in Sources */,
				643B5A951D29AE4200535FEE /* D2MenuPageController.swift in Sources */,
				64D0A7881D4C3CBF001D41CC /* Try.swift in Sources */,
				643B5A7F1D29981400535FEE /* B-RestaurantPageController.swift in Sources */,
				648A2AFB1D2CAE9600268208 /* PickerViewControllerPrice.swift in Sources */,
				6441A1BD1D2C46D4002A5E5C /* E3MenuPageController.swift in Sources */,
				643B5AA11D29B10800535FEE /* D8MenuPageController.swift in Sources */,
				858823EA1D2F51B800335A25 /* SearchResult3.swift in Sources */,
				643B5A891D29A03200535FEE /* CustomMenuSeriesCell.swift in Sources */,
				643B5AAF1D29C11900535FEE /* B2MenuPageController.swift in Sources */,
				643B5A7B1D298C3500535FEE /* CustomRestaurantCell.swift in Sources */,
				64868DC11D45220600A303A5 /* PickerViewControllerTime.swift in Sources */,
				643B5ABA1D29C59900535FEE /* A2MenuPageController.swift in Sources */,
				6441A1B51D2C45AC002A5E5C /* E-RestaurantPageController.swift in Sources */,
				64FD04C31D5EAAE5000F5891 /* PickerViewControllerPlace.swift in Sources */,
				643B59BD1D2578B600535FEE /* ScrollViewController.swift in Sources */,
				6441A1B91D2C46BB002A5E5C /* E1MenuPageController.swift in Sources */,
				643B5AA81D29BD1600535FEE /* C2MenuPageController.swift in Sources */,
				64D9886D1D58962100A2C5BE /* SaveDataTest.swift in Sources */,
				643812D91D1CE475007D32A9 /* PersonalViewController.swift in Sources */,
				643B5A7D1D298D5600535FEE /* A-RestaurantPageController.swift in Sources */,
				643B5AB51D29C24E00535FEE /* B5MenuPageController.swift in Sources */,
				6441A1BB1D2C46C7002A5E5C /* E2MenuPageController.swift in Sources */,
				643B5ABE1D29C5AB00535FEE /* A4MenuPageController.swift in Sources */,
				643B5AB31D29C24500535FEE /* B4MenuPageController.swift in Sources */,
				643B5ABC1D29C5A100535FEE /* A3MenuPageController.swift in Sources */,
				64D988711D58A07900A2C5BE /* restaurant.swift in Sources */,
				643B5A871D299DF100535FEE /* A-1MenuPageController.swift in Sources */,
				643812AB1D1CE177007D32A9 /* SearchViewController.swift in Sources */,
				643B5A9B1D29AF7A00535FEE /* D5MenuPageController.swift in Sources */,
				6441A1B71D2C466B002A5E5C /* E-1MenuPageController.swift in Sources */,
				643812A71D1CE177007D32A9 /* AppDelegate.swift in Sources */,
				6441A1BF1D2C46DD002A5E5C /* E4MenuPageController.swift in Sources */,
				6441A1C21D2CAC18002A5E5C /* PickerViewControllerSeries.swift in Sources */,
				643B5A791D29626C00535FEE /* CustomResultCell.swift in Sources */,
				64D9886F1D589E1900A2C5BE /* RetrieveDataTest.swift in Sources */,
				643B5A8D1D29A59400535FEE /* C-1MenuPageController.swift in Sources */,
				858823E81D2EEF3F00335A25 /* E-LoveMenuPageController.swift in Sources */,
				648A2AFD1D2CBC5800268208 /* SearchResult2.swift in Sources */,
				643B5A971D29AEB800535FEE /* D3MenuPageController.swift in Sources */,
				643B5A8B1D29A37400535FEE /* B-1MenuPageController.swift in Sources */,
				643B5AA31D29B17900535FEE /* D9MenuPageController.swift in Sources */,
				643B5A8F1D29A77F00535FEE /* D-1MenuPageController.swift in Sources */,
				643B5AAA1D29BD1F00535FEE /* C3MenuPageController.swift in Sources */,
				643B5A831D299AB700535FEE /* D-RestaurantPageController.swift in Sources */,
				643B5A811D29997000535FEE /* C-RestaurantPageController.swift in Sources */,
				643B5AB81D29C58900535FEE /* A1MenuPageController.swift in Sources */,
				643B5A911D29AA1200535FEE /* D1MenuPageController.swift in Sources */,
				643B5AB11D29C12900535FEE /* B3MenuPageController.swift in Sources */,
				643B5A9D1D29B02000535FEE /* D6MenuPageController.swift in Sources */,
				643B5A931D29AAFF00535FEE /* CustomMenu2Cell.swift in Sources */,
				643812A91D1CE177007D32A9 /* SpeakViewController.swift in Sources */,
				643B5AAD1D29C0F800535FEE /* B1MenuPageController.swift in Sources */,
				643B5AA61D29BCE200535FEE /* C1MenuPageController.swift in Sources */,
			);
			runOnlyForDeploymentPostprocessing = 0;
		};
		643812B51D1CE177007D32A9 /* Sources */ = {
			isa = PBXSourcesBuildPhase;
			buildActionMask = 2147483647;
			files = (
				643812BE1D1CE177007D32A9 /* _624___Tests.swift in Sources */,
			);
			runOnlyForDeploymentPostprocessing = 0;
		};
		643812C01D1CE177007D32A9 /* Sources */ = {
			isa = PBXSourcesBuildPhase;
			buildActionMask = 2147483647;
			files = (
				643812C91D1CE177007D32A9 /* _624___UITests.swift in Sources */,
			);
			runOnlyForDeploymentPostprocessing = 0;
		};
/* End PBXSourcesBuildPhase section */

/* Begin PBXTargetDependency section */
		643812BB1D1CE177007D32A9 /* PBXTargetDependency */ = {
			isa = PBXTargetDependency;
			target = 643812A21D1CE177007D32A9 /* 0624討拍拍 */;
			targetProxy = 643812BA1D1CE177007D32A9 /* PBXContainerItemProxy */;
		};
		643812C61D1CE177007D32A9 /* PBXTargetDependency */ = {
			isa = PBXTargetDependency;
			target = 643812A21D1CE177007D32A9 /* 0624討拍拍 */;
			targetProxy = 643812C51D1CE177007D32A9 /* PBXContainerItemProxy */;
		};
/* End PBXTargetDependency section */

/* Begin PBXVariantGroup section */
		643812AC1D1CE177007D32A9 /* Main.storyboard */ = {
			isa = PBXVariantGroup;
			children = (
				643812AD1D1CE177007D32A9 /* Base */,
			);
			name = Main.storyboard;
			sourceTree = "<group>";
		};
		643812B11D1CE177007D32A9 /* LaunchScreen.storyboard */ = {
			isa = PBXVariantGroup;
			children = (
				643812B21D1CE177007D32A9 /* Base */,
			);
			name = LaunchScreen.storyboard;
			sourceTree = "<group>";
		};
/* End PBXVariantGroup section */

/* Begin XCBuildConfiguration section */
		643812CB1D1CE177007D32A9 /* Debug */ = {
			isa = XCBuildConfiguration;
			buildSettings = {
				ALWAYS_SEARCH_USER_PATHS = NO;
				CLANG_ANALYZER_NONNULL = YES;
				CLANG_CXX_LANGUAGE_STANDARD = "gnu++0x";
				CLANG_CXX_LIBRARY = "libc++";
				CLANG_ENABLE_MODULES = YES;
				CLANG_ENABLE_OBJC_ARC = YES;
				CLANG_WARN_BOOL_CONVERSION = YES;
				CLANG_WARN_CONSTANT_CONVERSION = YES;
				CLANG_WARN_DIRECT_OBJC_ISA_USAGE = YES_ERROR;
				CLANG_WARN_EMPTY_BODY = YES;
				CLANG_WARN_ENUM_CONVERSION = YES;
				CLANG_WARN_INT_CONVERSION = YES;
				CLANG_WARN_OBJC_ROOT_CLASS = YES_ERROR;
				CLANG_WARN_UNREACHABLE_CODE = YES;
				CLANG_WARN__DUPLICATE_METHOD_MATCH = YES;
				"CODE_SIGN_IDENTITY[sdk=iphoneos*]" = "iPhone Developer";
				COPY_PHASE_STRIP = NO;
				DEBUG_INFORMATION_FORMAT = dwarf;
				ENABLE_STRICT_OBJC_MSGSEND = YES;
				ENABLE_TESTABILITY = YES;
				GCC_C_LANGUAGE_STANDARD = gnu99;
				GCC_DYNAMIC_NO_PIC = NO;
				GCC_NO_COMMON_BLOCKS = YES;
				GCC_OPTIMIZATION_LEVEL = 0;
				GCC_PREPROCESSOR_DEFINITIONS = (
					"DEBUG=1",
					"$(inherited)",
				);
				GCC_WARN_64_TO_32_BIT_CONVERSION = YES;
				GCC_WARN_ABOUT_RETURN_TYPE = YES_ERROR;
				GCC_WARN_UNDECLARED_SELECTOR = YES;
				GCC_WARN_UNINITIALIZED_AUTOS = YES_AGGRESSIVE;
				GCC_WARN_UNUSED_FUNCTION = YES;
				GCC_WARN_UNUSED_VARIABLE = YES;
				IPHONEOS_DEPLOYMENT_TARGET = 9.3;
				MTL_ENABLE_DEBUG_INFO = YES;
				ONLY_ACTIVE_ARCH = YES;
				SDKROOT = iphoneos;
				SWIFT_OPTIMIZATION_LEVEL = "-Onone";
			};
			name = Debug;
		};
		643812CC1D1CE177007D32A9 /* Release */ = {
			isa = XCBuildConfiguration;
			buildSettings = {
				ALWAYS_SEARCH_USER_PATHS = NO;
				CLANG_ANALYZER_NONNULL = YES;
				CLANG_CXX_LANGUAGE_STANDARD = "gnu++0x";
				CLANG_CXX_LIBRARY = "libc++";
				CLANG_ENABLE_MODULES = YES;
				CLANG_ENABLE_OBJC_ARC = YES;
				CLANG_WARN_BOOL_CONVERSION = YES;
				CLANG_WARN_CONSTANT_CONVERSION = YES;
				CLANG_WARN_DIRECT_OBJC_ISA_USAGE = YES_ERROR;
				CLANG_WARN_EMPTY_BODY = YES;
				CLANG_WARN_ENUM_CONVERSION = YES;
				CLANG_WARN_INT_CONVERSION = YES;
				CLANG_WARN_OBJC_ROOT_CLASS = YES_ERROR;
				CLANG_WARN_UNREACHABLE_CODE = YES;
				CLANG_WARN__DUPLICATE_METHOD_MATCH = YES;
				"CODE_SIGN_IDENTITY[sdk=iphoneos*]" = "iPhone Developer";
				COPY_PHASE_STRIP = NO;
				DEBUG_INFORMATION_FORMAT = "dwarf-with-dsym";
				ENABLE_NS_ASSERTIONS = NO;
				ENABLE_STRICT_OBJC_MSGSEND = YES;
				GCC_C_LANGUAGE_STANDARD = gnu99;
				GCC_NO_COMMON_BLOCKS = YES;
				GCC_WARN_64_TO_32_BIT_CONVERSION = YES;
				GCC_WARN_ABOUT_RETURN_TYPE = YES_ERROR;
				GCC_WARN_UNDECLARED_SELECTOR = YES;
				GCC_WARN_UNINITIALIZED_AUTOS = YES_AGGRESSIVE;
				GCC_WARN_UNUSED_FUNCTION = YES;
				GCC_WARN_UNUSED_VARIABLE = YES;
				IPHONEOS_DEPLOYMENT_TARGET = 9.3;
				MTL_ENABLE_DEBUG_INFO = NO;
				SDKROOT = iphoneos;
				VALIDATE_PRODUCT = YES;
			};
			name = Release;
		};
		643812CE1D1CE177007D32A9 /* Debug */ = {
			isa = XCBuildConfiguration;
			baseConfigurationReference = 04D3EC6F15ADB124B1E51120 /* Pods-0624討拍拍.debug.xcconfig */;
			buildSettings = {
				ASSETCATALOG_COMPILER_APPICON_NAME = AppIcon;
				CODE_SIGN_IDENTITY = "iPhone Developer";
				"CODE_SIGN_IDENTITY[sdk=iphoneos*]" = "iPhone Developer";
				INFOPLIST_FILE = "0624討拍拍/Info.plist";
				IPHONEOS_DEPLOYMENT_TARGET = 8.1;
				LD_RUNPATH_SEARCH_PATHS = "$(inherited) @executable_path/Frameworks";
				PRODUCT_BUNDLE_IDENTIFIER = MenuPi;
				PRODUCT_NAME = "$(TARGET_NAME)";
				PROVISIONING_PROFILE = "";
			};
			name = Debug;
		};
		643812CF1D1CE177007D32A9 /* Release */ = {
			isa = XCBuildConfiguration;
			baseConfigurationReference = FCF4B45E26C19FB0267FA133 /* Pods-0624討拍拍.release.xcconfig */;
			buildSettings = {
				ASSETCATALOG_COMPILER_APPICON_NAME = AppIcon;
				CODE_SIGN_IDENTITY = "iPhone Developer";
				"CODE_SIGN_IDENTITY[sdk=iphoneos*]" = "iPhone Developer";
				INFOPLIST_FILE = "0624討拍拍/Info.plist";
				IPHONEOS_DEPLOYMENT_TARGET = 8.1;
				LD_RUNPATH_SEARCH_PATHS = "$(inherited) @executable_path/Frameworks";
				PRODUCT_BUNDLE_IDENTIFIER = MenuPi;
				PRODUCT_NAME = "$(TARGET_NAME)";
				PROVISIONING_PROFILE = "";
			};
			name = Release;
		};
		643812D11D1CE177007D32A9 /* Debug */ = {
			isa = XCBuildConfiguration;
			baseConfigurationReference = 6548E2D03C9D0C84D61B3B90 /* Pods-0624討拍拍Tests.debug.xcconfig */;
			buildSettings = {
				BUNDLE_LOADER = "$(TEST_HOST)";
				INFOPLIST_FILE = "0624討拍拍Tests/Info.plist";
				LD_RUNPATH_SEARCH_PATHS = "$(inherited) @executable_path/Frameworks @loader_path/Frameworks";
				PRODUCT_BUNDLE_IDENTIFIER = "Uxpa-Everyday.-624---Tests";
				PRODUCT_NAME = "$(TARGET_NAME)";
				TEST_HOST = "$(BUILT_PRODUCTS_DIR)/0624討拍拍.app/0624討拍拍";
			};
			name = Debug;
		};
		643812D21D1CE177007D32A9 /* Release */ = {
			isa = XCBuildConfiguration;
			baseConfigurationReference = E06BDCA83BDCE54037934AE5 /* Pods-0624討拍拍Tests.release.xcconfig */;
			buildSettings = {
				BUNDLE_LOADER = "$(TEST_HOST)";
				INFOPLIST_FILE = "0624討拍拍Tests/Info.plist";
				LD_RUNPATH_SEARCH_PATHS = "$(inherited) @executable_path/Frameworks @loader_path/Frameworks";
				PRODUCT_BUNDLE_IDENTIFIER = "Uxpa-Everyday.-624---Tests";
				PRODUCT_NAME = "$(TARGET_NAME)";
				TEST_HOST = "$(BUILT_PRODUCTS_DIR)/0624討拍拍.app/0624討拍拍";
			};
			name = Release;
		};
		643812D41D1CE177007D32A9 /* Debug */ = {
			isa = XCBuildConfiguration;
			baseConfigurationReference = 1BBBC7520481966A81378014 /* Pods-0624討拍拍UITests.debug.xcconfig */;
			buildSettings = {
				INFOPLIST_FILE = "0624討拍拍UITests/Info.plist";
				LD_RUNPATH_SEARCH_PATHS = "$(inherited) @executable_path/Frameworks @loader_path/Frameworks";
				PRODUCT_BUNDLE_IDENTIFIER = "Uxpa-Everyday.-624---UITests";
				PRODUCT_NAME = "$(TARGET_NAME)";
				TEST_TARGET_NAME = "0624討拍拍";
			};
			name = Debug;
		};
		643812D51D1CE177007D32A9 /* Release */ = {
			isa = XCBuildConfiguration;
			baseConfigurationReference = FF6EED775620EA771A5775B0 /* Pods-0624討拍拍UITests.release.xcconfig */;
			buildSettings = {
				INFOPLIST_FILE = "0624討拍拍UITests/Info.plist";
				LD_RUNPATH_SEARCH_PATHS = "$(inherited) @executable_path/Frameworks @loader_path/Frameworks";
				PRODUCT_BUNDLE_IDENTIFIER = "Uxpa-Everyday.-624---UITests";
				PRODUCT_NAME = "$(TARGET_NAME)";
				TEST_TARGET_NAME = "0624討拍拍";
			};
			name = Release;
		};
/* End XCBuildConfiguration section */

/* Begin XCConfigurationList section */
		6438129E1D1CE177007D32A9 /* Build configuration list for PBXProject "0624討拍拍" */ = {
			isa = XCConfigurationList;
			buildConfigurations = (
				643812CB1D1CE177007D32A9 /* Debug */,
				643812CC1D1CE177007D32A9 /* Release */,
			);
			defaultConfigurationIsVisible = 0;
			defaultConfigurationName = Release;
		};
		643812CD1D1CE177007D32A9 /* Build configuration list for PBXNativeTarget "0624討拍拍" */ = {
			isa = XCConfigurationList;
			buildConfigurations = (
				643812CE1D1CE177007D32A9 /* Debug */,
				643812CF1D1CE177007D32A9 /* Release */,
			);
			defaultConfigurationIsVisible = 0;
			defaultConfigurationName = Release;
		};
		643812D01D1CE177007D32A9 /* Build configuration list for PBXNativeTarget "0624討拍拍Tests" */ = {
			isa = XCConfigurationList;
			buildConfigurations = (
				643812D11D1CE177007D32A9 /* Debug */,
				643812D21D1CE177007D32A9 /* Release */,
			);
			defaultConfigurationIsVisible = 0;
			defaultConfigurationName = Release;
		};
		643812D31D1CE177007D32A9 /* Build configuration list for PBXNativeTarget "0624討拍拍UITests" */ = {
			isa = XCConfigurationList;
			buildConfigurations = (
				643812D41D1CE177007D32A9 /* Debug */,
				643812D51D1CE177007D32A9 /* Release */,
			);
			defaultConfigurationIsVisible = 0;
			defaultConfigurationName = Release;
		};
/* End XCConfigurationList section */
	};
	rootObject = 6438129B1D1CE177007D32A9 /* Project object */;
}
